
Microsoft Visual Studio Solution File, Format Version 12.00
# Visual Studio 15
VisualStudioVersion = 15.0.26730.10
MinimumVisualStudioVersion = 10.0.40219.1
Project("{FAE04EC0-301F-11D3-BF4B-00C04F79EFBC}") = "projetoxadrez", "projetoxadrez\projetoxadrez.csproj", "{68D696F6-BBDE-4B61-9586-240593D7E37D}"
EndProject
Global
	GlobalSection(SolutionConfigurationPlatforms) = preSolution
		Debug|Any CPU = Debug|Any CPU
		Release|Any CPU = Release|Any CPU
	EndGlobalSection
	GlobalSection(ProjectConfigurationPlatforms) = postSolution
		{68D696F6-BBDE-4B61-9586-240593D7E37D}.Debug|Any CPU.ActiveCfg = Debug|Any CPU
		{68D696F6-BBDE-4B61-9586-240593D7E37D}.Debug|Any CPU.Build.0 = Debug|Any CPU
		{68D696F6-BBDE-4B61-9586-240593D7E37D}.Release|Any CPU.ActiveCfg = Release|Any CPU
		{68D696F6-BBDE-4B61-9586-240593D7E37D}.Release|Any CPU.Build.0 = Release|Any CPU
	EndGlobalSection
	GlobalSection(SolutionProperties) = preSolution
		HideSolutionNode = FALSE
	EndGlobalSection
	GlobalSection(ExtensibilityGlobals) = postSolution
		SolutionGuid = {BAD9BC07-9460-4836-BB17-470F29657E85}
	EndGlobalSection
EndGlobal
